// !$*UTF8*$!
{
	archiveVersion = 1;
	classes = {
	};
	objectVersion = 56;
	objects = {

/* Begin PBXBuildFile section */
		7EB964E92974BB45003C3654 /* AppDelegate.swift in Sources */ = {isa = PBXBuildFile; fileRef = 7EB964E82974BB45003C3654 /* AppDelegate.swift */; };
		7EB964EB2974BB45003C3654 /* SceneDelegate.swift in Sources */ = {isa = PBXBuildFile; fileRef = 7EB964EA2974BB45003C3654 /* SceneDelegate.swift */; };
		7EB964ED2974BB45003C3654 /* Controller.swift in Sources */ = {isa = PBXBuildFile; fileRef = 7EB964EC2974BB45003C3654 /* Controller.swift */; };
		7EB964F02974BB45003C3654 /* Main.storyboard in Resources */ = {isa = PBXBuildFile; fileRef = 7EB964EE2974BB45003C3654 /* Main.storyboard */; };
		7EB964F22974BB46003C3654 /* Assets.xcassets in Resources */ = {isa = PBXBuildFile; fileRef = 7EB964F12974BB46003C3654 /* Assets.xcassets */; };
		7EB964F52974BB46003C3654 /* LaunchScreen.storyboard in Resources */ = {isa = PBXBuildFile; fileRef = 7EB964F32974BB46003C3654 /* LaunchScreen.storyboard */; };
		7EB965002974BB46003C3654 /* mvcTests.swift in Sources */ = {isa = PBXBuildFile; fileRef = 7EB964FF2974BB46003C3654 /* mvcTests.swift */; };
		7EB9650A2974BB46003C3654 /* mvcUITests.swift in Sources */ = {isa = PBXBuildFile; fileRef = 7EB965092974BB46003C3654 /* mvcUITests.swift */; };
		7EB9650C2974BB46003C3654 /* mvcUITestsLaunchTests.swift in Sources */ = {isa = PBXBuildFile; fileRef = 7EB9650B2974BB46003C3654 /* mvcUITestsLaunchTests.swift */; };
		7EB9651C2974C1FF003C3654 /* AppleProduct.swift in Sources */ = {isa = PBXBuildFile; fileRef = 7EB9651B2974C1FF003C3654 /* AppleProduct.swift */; };
		7EB9651E2974C6DD003C3654 /* CustomPrettyView.swift in Sources */ = {isa = PBXBuildFile; fileRef = 7EB9651D2974C6DD003C3654 /* CustomPrettyView.swift */; };
/* End PBXBuildFile section */

/* Begin PBXContainerItemProxy section */
		7EB964FC2974BB46003C3654 /* PBXContainerItemProxy */ = {
			isa = PBXContainerItemProxy;
			containerPortal = 7EB964DD2974BB45003C3654 /* Project object */;
			proxyType = 1;
			remoteGlobalIDString = 7EB964E42974BB45003C3654;
			remoteInfo = mvc;
		};
		7EB965062974BB46003C3654 /* PBXContainerItemProxy */ = {
			isa = PBXContainerItemProxy;
			containerPortal = 7EB964DD2974BB45003C3654 /* Project object */;
			proxyType = 1;
			remoteGlobalIDString = 7EB964E42974BB45003C3654;
			remoteInfo = mvc;
		};
/* End PBXContainerItemProxy section */

/* Begin PBXFileReference section */
		7EB964E52974BB45003C3654 /* mvc.app */ = {isa = PBXFileReference; explicitFileType = wrapper.application; includeInIndex = 0; path = mvc.app; sourceTree = BUILT_PRODUCTS_DIR; };
		7EB964E82974BB45003C3654 /* AppDelegate.swift */ = {isa = PBXFileReference; lastKnownFileType = sourcecode.swift; path = AppDelegate.swift; sourceTree = "<group>"; };
		7EB964EA2974BB45003C3654 /* SceneDelegate.swift */ = {isa = PBXFileReference; lastKnownFileType = sourcecode.swift; path = SceneDelegate.swift; sourceTree = "<group>"; };
		7EB964EC2974BB45003C3654 /* Controller.swift */ = {isa = PBXFileReference; lastKnownFileType = sourcecode.swift; path = Controller.swift; sourceTree = "<group>"; };
		7EB964EF2974BB45003C3654 /* Base */ = {isa = PBXFileReference; lastKnownFileType = file.storyboard; name = Base; path = Base.lproj/Main.storyboard; sourceTree = "<group>"; };
		7EB964F12974BB46003C3654 /* Assets.xcassets */ = {isa = PBXFileReference; lastKnownFileType = folder.assetcatalog; path = Assets.xcassets; sourceTree = "<group>"; };
		7EB964F42974BB46003C3654 /* Base */ = {isa = PBXFileReference; lastKnownFileType = file.storyboard; name = Base; path = Base.lproj/LaunchScreen.storyboard; sourceTree = "<group>"; };
		7EB964F62974BB46003C3654 /* Info.plist */ = {isa = PBXFileReference; lastKnownFileType = text.plist.xml; path = Info.plist; sourceTree = "<group>"; };
		7EB964FB2974BB46003C3654 /* mvcTests.xctest */ = {isa = PBXFileReference; explicitFileType = wrapper.cfbundle; includeInIndex = 0; path = mvcTests.xctest; sourceTree = BUILT_PRODUCTS_DIR; };
		7EB964FF2974BB46003C3654 /* mvcTests.swift */ = {isa = PBXFileReference; lastKnownFileType = sourcecode.swift; path = mvcTests.swift; sourceTree = "<group>"; };
		7EB965052974BB46003C3654 /* mvcUITests.xctest */ = {isa = PBXFileReference; explicitFileType = wrapper.cfbundle; includeInIndex = 0; path = mvcUITests.xctest; sourceTree = BUILT_PRODUCTS_DIR; };
		7EB965092974BB46003C3654 /* mvcUITests.swift */ = {isa = PBXFileReference; lastKnownFileType = sourcecode.swift; path = mvcUITests.swift; sourceTree = "<group>"; };
		7EB9650B2974BB46003C3654 /* mvcUITestsLaunchTests.swift */ = {isa = PBXFileReference; lastKnownFileType = sourcecode.swift; path = mvcUITestsLaunchTests.swift; sourceTree = "<group>"; };
		7EB9651B2974C1FF003C3654 /* AppleProduct.swift */ = {isa = PBXFileReference; lastKnownFileType = sourcecode.swift; path = AppleProduct.swift; sourceTree = "<group>"; };
		7EB9651D2974C6DD003C3654 /* CustomPrettyView.swift */ = {isa = PBXFileReference; lastKnownFileType = sourcecode.swift; path = CustomPrettyView.swift; sourceTree = "<group>"; };
/* End PBXFileReference section */

/* Begin PBXFrameworksBuildPhase section */
		7EB964E22974BB45003C3654 /* Frameworks */ = {
			isa = PBXFrameworksBuildPhase;
			buildActionMask = 2147483647;
			files = (
			);
			runOnlyForDeploymentPostprocessing = 0;
		};
		7EB964F82974BB46003C3654 /* Frameworks */ = {
			isa = PBXFrameworksBuildPhase;
			buildActionMask = 2147483647;
			files = (
			);
			runOnlyForDeploymentPostprocessing = 0;
		};
		7EB965022974BB46003C3654 /* Frameworks */ = {
			isa = PBXFrameworksBuildPhase;
			buildActionMask = 2147483647;
			files = (
			);
			runOnlyForDeploymentPostprocessing = 0;
		};
/* End PBXFrameworksBuildPhase section */

/* Begin PBXGroup section */
		7EB964DC2974BB45003C3654 = {
			isa = PBXGroup;
			children = (
				7EB964E72974BB45003C3654 /* mvc */,
				7EB964FE2974BB46003C3654 /* mvcTests */,
				7EB965082974BB46003C3654 /* mvcUITests */,
				7EB964E62974BB45003C3654 /* Products */,
			);
			sourceTree = "<group>";
		};
		7EB964E62974BB45003C3654 /* Products */ = {
			isa = PBXGroup;
			children = (
				7EB964E52974BB45003C3654 /* mvc.app */,
				7EB964FB2974BB46003C3654 /* mvcTests.xctest */,
				7EB965052974BB46003C3654 /* mvcUITests.xctest */,
			);
			name = Products;
			sourceTree = "<group>";
		};
		7EB964E72974BB45003C3654 /* mvc */ = {
			isa = PBXGroup;
			children = (
				7EB9651A2974BEFD003C3654 /* Model */,
				7EB965192974BEF4003C3654 /* View */,
				7EB965182974BED9003C3654 /* Controller */,
				7EB964E82974BB45003C3654 /* AppDelegate.swift */,
				7EB964EA2974BB45003C3654 /* SceneDelegate.swift */,
				7EB964EE2974BB45003C3654 /* Main.storyboard */,
				7EB964F12974BB46003C3654 /* Assets.xcassets */,
				7EB964F32974BB46003C3654 /* LaunchScreen.storyboard */,
				7EB964F62974BB46003C3654 /* Info.plist */,
			);
			path = mvc;
			sourceTree = "<group>";
		};
		7EB964FE2974BB46003C3654 /* mvcTests */ = {
			isa = PBXGroup;
			children = (
				7EB964FF2974BB46003C3654 /* mvcTests.swift */,
			);
			path = mvcTests;
			sourceTree = "<group>";
		};
		7EB965082974BB46003C3654 /* mvcUITests */ = {
			isa = PBXGroup;
			children = (
				7EB965092974BB46003C3654 /* mvcUITests.swift */,
				7EB9650B2974BB46003C3654 /* mvcUITestsLaunchTests.swift */,
			);
			path = mvcUITests;
			sourceTree = "<group>";
		};
		7EB965182974BED9003C3654 /* Controller */ = {
			isa = PBXGroup;
			children = (
				7EB964EC2974BB45003C3654 /* Controller.swift */,
			);
			path = Controller;
			sourceTree = "<group>";
		};
		7EB965192974BEF4003C3654 /* View */ = {
			isa = PBXGroup;
			children = (
				7EB9651D2974C6DD003C3654 /* CustomPrettyView.swift */,
			);
			path = View;
			sourceTree = "<group>";
		};
		7EB9651A2974BEFD003C3654 /* Model */ = {
			isa = PBXGroup;
			children = (
				7EB9651B2974C1FF003C3654 /* AppleProduct.swift */,
			);
			path = Model;
			sourceTree = "<group>";
		};
/* End PBXGroup section */

/* Begin PBXNativeTarget section */
		7EB964E42974BB45003C3654 /* mvc */ = {
			isa = PBXNativeTarget;
			buildConfigurationList = 7EB9650F2974BB46003C3654 /* Build configuration list for PBXNativeTarget "mvc" */;
			buildPhases = (
				7EB964E12974BB45003C3654 /* Sources */,
				7EB964E22974BB45003C3654 /* Frameworks */,
				7EB964E32974BB45003C3654 /* Resources */,
			);
			buildRules = (
			);
			dependencies = (
			);
			name = mvc;
			productName = mvc;
			productReference = 7EB964E52974BB45003C3654 /* mvc.app */;
			productType = "com.apple.product-type.application";
		};
		7EB964FA2974BB46003C3654 /* mvcTests */ = {
			isa = PBXNativeTarget;
			buildConfigurationList = 7EB965122974BB46003C3654 /* Build configuration list for PBXNativeTarget "mvcTests" */;
			buildPhases = (
				7EB964F72974BB46003C3654 /* Sources */,
				7EB964F82974BB46003C3654 /* Frameworks */,
				7EB964F92974BB46003C3654 /* Resources */,
			);
			buildRules = (
			);
			dependencies = (
				7EB964FD2974BB46003C3654 /* PBXTargetDependency */,
			);
			name = mvcTests;
			productName = mvcTests;
			productReference = 7EB964FB2974BB46003C3654 /* mvcTests.xctest */;
			productType = "com.apple.product-type.bundle.unit-test";
		};
		7EB965042974BB46003C3654 /* mvcUITests */ = {
			isa = PBXNativeTarget;
			buildConfigurationList = 7EB965152974BB46003C3654 /* Build configuration list for PBXNativeTarget "mvcUITests" */;
			buildPhases = (
				7EB965012974BB46003C3654 /* Sources */,
				7EB965022974BB46003C3654 /* Frameworks */,
				7EB965032974BB46003C3654 /* Resources */,
			);
			buildRules = (
			);
			dependencies = (
				7EB965072974BB46003C3654 /* PBXTargetDependency */,
			);
			name = mvcUITests;
			productName = mvcUITests;
			productReference = 7EB965052974BB46003C3654 /* mvcUITests.xctest */;
			productType = "com.apple.product-type.bundle.ui-testing";
		};
/* End PBXNativeTarget section */

/* Begin PBXProject section */
		7EB964DD2974BB45003C3654 /* Project object */ = {
			isa = PBXProject;
			attributes = {
				BuildIndependentTargetsInParallel = 1;
				LastSwiftUpdateCheck = 1420;
				LastUpgradeCheck = 1420;
				TargetAttributes = {
					7EB964E42974BB45003C3654 = {
						CreatedOnToolsVersion = 14.2;
					};
					7EB964FA2974BB46003C3654 = {
						CreatedOnToolsVersion = 14.2;
						TestTargetID = 7EB964E42974BB45003C3654;
					};
					7EB965042974BB46003C3654 = {
						CreatedOnToolsVersion = 14.2;
						TestTargetID = 7EB964E42974BB45003C3654;
					};
				};
			};
			buildConfigurationList = 7EB964E02974BB45003C3654 /* Build configuration list for PBXProject "mvc" */;
			compatibilityVersion = "Xcode 14.0";
			developmentRegion = en;
			hasScannedForEncodings = 0;
			knownRegions = (
				en,
				Base,
			);
			mainGroup = 7EB964DC2974BB45003C3654;
			productRefGroup = 7EB964E62974BB45003C3654 /* Products */;
			projectDirPath = "";
			projectRoot = "";
			targets = (
				7EB964E42974BB45003C3654 /* mvc */,
				7EB964FA2974BB46003C3654 /* mvcTests */,
				7EB965042974BB46003C3654 /* mvcUITests */,
			);
		};
/* End PBXProject section */

/* Begin PBXResourcesBuildPhase section */
		7EB964E32974BB45003C3654 /* Resources */ = {
			isa = PBXResourcesBuildPhase;
			buildActionMask = 2147483647;
			files = (
				7EB964F52974BB46003C3654 /* LaunchScreen.storyboard in Resources */,
				7EB964F22974BB46003C3654 /* Assets.xcassets in Resources */,
				7EB964F02974BB45003C3654 /* Main.storyboard in Resources */,
			);
			runOnlyForDeploymentPostprocessing = 0;
		};
		7EB964F92974BB46003C3654 /* Resources */ = {
			isa = PBXResourcesBuildPhase;
			buildActionMask = 2147483647;
			files = (
			);
			runOnlyForDeploymentPostprocessing = 0;
		};
		7EB965032974BB46003C3654 /* Resources */ = {
			isa = PBXResourcesBuildPhase;
			buildActionMask = 2147483647;
			files = (
			);
			runOnlyForDeploymentPostprocessing = 0;
		};
/* End PBXResourcesBuildPhase section */

/* Begin PBXSourcesBuildPhase section */
		7EB964E12974BB45003C3654 /* Sources */ = {
			isa = PBXSourcesBuildPhase;
			buildActionMask = 2147483647;
			files = (
				7EB9651C2974C1FF003C3654 /* AppleProduct.swift in Sources */,
				7EB964ED2974BB45003C3654 /* Controller.swift in Sources */,
				7EB9651E2974C6DD003C3654 /* CustomPrettyView.swift in Sources */,
				7EB964E92974BB45003C3654 /* AppDelegate.swift in Sources */,
				7EB964EB2974BB45003C3654 /* SceneDelegate.swift in Sources */,
			);
			runOnlyForDeploymentPostprocessing = 0;
		};
		7EB964F72974BB46003C3654 /* Sources */ = {
			isa = PBXSourcesBuildPhase;
			buildActionMask = 2147483647;
			files = (
				7EB965002974BB46003C3654 /* mvcTests.swift in Sources */,
			);
			runOnlyForDeploymentPostprocessing = 0;
		};
		7EB965012974BB46003C3654 /* Sources */ = {
			isa = PBXSourcesBuildPhase;
			buildActionMask = 2147483647;
			files = (
				7EB9650A2974BB46003C3654 /* mvcUITests.swift in Sources */,
				7EB9650C2974BB46003C3654 /* mvcUITestsLaunchTests.swift in Sources */,
			);
			runOnlyForDeploymentPostprocessing = 0;
		};
/* End PBXSourcesBuildPhase section */

/* Begin PBXTargetDependency section */
		7EB964FD2974BB46003C3654 /* PBXTargetDependency */ = {
			isa = PBXTargetDependency;
			target = 7EB964E42974BB45003C3654 /* mvc */;
			targetProxy = 7EB964FC2974BB46003C3654 /* PBXContainerItemProxy */;
		};
		7EB965072974BB46003C3654 /* PBXTargetDependency */ = {
			isa = PBXTargetDependency;
			target = 7EB964E42974BB45003C3654 /* mvc */;
			targetProxy = 7EB965062974BB46003C3654 /* PBXContainerItemProxy */;
		};
/* End PBXTargetDependency section */

/* Begin PBXVariantGroup section */
		7EB964EE2974BB45003C3654 /* Main.storyboard */ = {
			isa = PBXVariantGroup;
			children = (
				7EB964EF2974BB45003C3654 /* Base */,
			);
			name = Main.storyboard;
			sourceTree = "<group>";
		};
		7EB964F32974BB46003C3654 /* LaunchScreen.storyboard */ = {
			isa = PBXVariantGroup;
			children = (
				7EB964F42974BB46003C3654 /* Base */,
			);
			name = LaunchScreen.storyboard;
			sourceTree = "<group>";
		};
/* End PBXVariantGroup section */

/* Begin XCBuildConfiguration section */
		7EB9650D2974BB46003C3654 /* Debug */ = {
			isa = XCBuildConfiguration;
			buildSettings = {
				ALWAYS_SEARCH_USER_PATHS = NO;
				CLANG_ANALYZER_NONNULL = YES;
				CLANG_ANALYZER_NUMBER_OBJECT_CONVERSION = YES_AGGRESSIVE;
				CLANG_CXX_LANGUAGE_STANDARD = "gnu++20";
				CLANG_ENABLE_MODULES = YES;
				CLANG_ENABLE_OBJC_ARC = YES;
				CLANG_ENABLE_OBJC_WEAK = YES;
				CLANG_WARN_BLOCK_CAPTURE_AUTORELEASING = YES;
				CLANG_WARN_BOOL_CONVERSION = YES;
				CLANG_WARN_COMMA = YES;
				CLANG_WARN_CONSTANT_CONVERSION = YES;
				CLANG_WARN_DEPRECATED_OBJC_IMPLEMENTATIONS = YES;
				CLANG_WARN_DIRECT_OBJC_ISA_USAGE = YES_ERROR;
				CLANG_WARN_DOCUMENTATION_COMMENTS = YES;
				CLANG_WARN_EMPTY_BODY = YES;
				CLANG_WARN_ENUM_CONVERSION = YES;
				CLANG_WARN_INFINITE_RECURSION = YES;
				CLANG_WARN_INT_CONVERSION = YES;
				CLANG_WARN_NON_LITERAL_NULL_CONVERSION = YES;
				CLANG_WARN_OBJC_IMPLICIT_RETAIN_SELF = YES;
				CLANG_WARN_OBJC_LITERAL_CONVERSION = YES;
				CLANG_WARN_OBJC_ROOT_CLASS = YES_ERROR;
				CLANG_WARN_QUOTED_INCLUDE_IN_FRAMEWORK_HEADER = YES;
				CLANG_WARN_RANGE_LOOP_ANALYSIS = YES;
				CLANG_WARN_STRICT_PROTOTYPES = YES;
				CLANG_WARN_SUSPICIOUS_MOVE = YES;
				CLANG_WARN_UNGUARDED_AVAILABILITY = YES_AGGRESSIVE;
				CLANG_WARN_UNREACHABLE_CODE = YES;
				CLANG_WARN__DUPLICATE_METHOD_MATCH = YES;
				COPY_PHASE_STRIP = NO;
				DEBUG_INFORMATION_FORMAT = dwarf;
				ENABLE_STRICT_OBJC_MSGSEND = YES;
				ENABLE_TESTABILITY = YES;
				GCC_C_LANGUAGE_STANDARD = gnu11;
				GCC_DYNAMIC_NO_PIC = NO;
				GCC_NO_COMMON_BLOCKS = YES;
				GCC_OPTIMIZATION_LEVEL = 0;
				GCC_PREPROCESSOR_DEFINITIONS = (
					"DEBUG=1",
					"$(inherited)",
				);
				GCC_WARN_64_TO_32_BIT_CONVERSION = YES;
				GCC_WARN_ABOUT_RETURN_TYPE = YES_ERROR;
				GCC_WARN_UNDECLARED_SELECTOR = YES;
				GCC_WARN_UNINITIALIZED_AUTOS = YES_AGGRESSIVE;
				GCC_WARN_UNUSED_FUNCTION = YES;
				GCC_WARN_UNUSED_VARIABLE = YES;
				IPHONEOS_DEPLOYMENT_TARGET = 16.2;
				MTL_ENABLE_DEBUG_INFO = INCLUDE_SOURCE;
				MTL_FAST_MATH = YES;
				ONLY_ACTIVE_ARCH = YES;
				SDKROOT = iphoneos;
				SWIFT_ACTIVE_COMPILATION_CONDITIONS = DEBUG;
				SWIFT_OPTIMIZATION_LEVEL = "-Onone";
			};
			name = Debug;
		};
		7EB9650E2974BB46003C3654 /* Release */ = {
			isa = XCBuildConfiguration;
			buildSettings = {
				ALWAYS_SEARCH_USER_PATHS = NO;
				CLANG_ANALYZER_NONNULL = YES;
				CLANG_ANALYZER_NUMBER_OBJECT_CONVERSION = YES_AGGRESSIVE;
				CLANG_CXX_LANGUAGE_STANDARD = "gnu++20";
				CLANG_ENABLE_MODULES = YES;
				CLANG_ENABLE_OBJC_ARC = YES;
				CLANG_ENABLE_OBJC_WEAK = YES;
				CLANG_WARN_BLOCK_CAPTURE_AUTORELEASING = YES;
				CLANG_WARN_BOOL_CONVERSION = YES;
				CLANG_WARN_COMMA = YES;
				CLANG_WARN_CONSTANT_CONVERSION = YES;
				CLANG_WARN_DEPRECATED_OBJC_IMPLEMENTATIONS = YES;
				CLANG_WARN_DIRECT_OBJC_ISA_USAGE = YES_ERROR;
				CLANG_WARN_DOCUMENTATION_COMMENTS = YES;
				CLANG_WARN_EMPTY_BODY = YES;
				CLANG_WARN_ENUM_CONVERSION = YES;
				CLANG_WARN_INFINITE_RECURSION = YES;
				CLANG_WARN_INT_CONVERSION = YES;
				CLANG_WARN_NON_LITERAL_NULL_CONVERSION = YES;
				CLANG_WARN_OBJC_IMPLICIT_RETAIN_SELF = YES;
				CLANG_WARN_OBJC_LITERAL_CONVERSION = YES;
				CLANG_WARN_OBJC_ROOT_CLASS = YES_ERROR;
				CLANG_WARN_QUOTED_INCLUDE_IN_FRAMEWORK_HEADER = YES;
				CLANG_WARN_RANGE_LOOP_ANALYSIS = YES;
				CLANG_WARN_STRICT_PROTOTYPES = YES;
				CLANG_WARN_SUSPICIOUS_MOVE = YES;
				CLANG_WARN_UNGUARDED_AVAILABILITY = YES_AGGRESSIVE;
				CLANG_WARN_UNREACHABLE_CODE = YES;
				CLANG_WARN__DUPLICATE_METHOD_MATCH = YES;
				COPY_PHASE_STRIP = NO;
				DEBUG_INFORMATION_FORMAT = "dwarf-with-dsym";
				ENABLE_NS_ASSERTIONS = NO;
				ENABLE_STRICT_OBJC_MSGSEND = YES;
				GCC_C_LANGUAGE_STANDARD = gnu11;
				GCC_NO_COMMON_BLOCKS = YES;
				GCC_WARN_64_TO_32_BIT_CONVERSION = YES;
				GCC_WARN_ABOUT_RETURN_TYPE = YES_ERROR;
				GCC_WARN_UNDECLARED_SELECTOR = YES;
				GCC_WARN_UNINITIALIZED_AUTOS = YES_AGGRESSIVE;
				GCC_WARN_UNUSED_FUNCTION = YES;
				GCC_WARN_UNUSED_VARIABLE = YES;
				IPHONEOS_DEPLOYMENT_TARGET = 16.2;
				MTL_ENABLE_DEBUG_INFO = NO;
				MTL_FAST_MATH = YES;
				SDKROOT = iphoneos;
				SWIFT_COMPILATION_MODE = wholemodule;
				SWIFT_OPTIMIZATION_LEVEL = "-O";
				VALIDATE_PRODUCT = YES;
			};
			name = Release;
		};
		7EB965102974BB46003C3654 /* Debug */ = {
			isa = XCBuildConfiguration;
			buildSettings = {
				ASSETCATALOG_COMPILER_APPICON_NAME = AppIcon;
				ASSETCATALOG_COMPILER_GLOBAL_ACCENT_COLOR_NAME = AccentColor;
				CODE_SIGN_STYLE = Automatic;
				CURRENT_PROJECT_VERSION = 1;
				DEVELOPMENT_TEAM = 9395Q5SG32;
				GENERATE_INFOPLIST_FILE = YES;
				INFOPLIST_FILE = mvc/Info.plist;
				INFOPLIST_KEY_UIApplicationSupportsIndirectInputEvents = YES;
				INFOPLIST_KEY_UILaunchStoryboardName = LaunchScreen;
				INFOPLIST_KEY_UIMainStoryboardFile = Main;
				INFOPLIST_KEY_UISupportedInterfaceOrientations_iPad = "UIInterfaceOrientationPortrait UIInterfaceOrientationPortraitUpsideDown UIInterfaceOrientationLandscapeLeft UIInterfaceOrientationLandscapeRight";
				INFOPLIST_KEY_UISupportedInterfaceOrientations_iPhone = "UIInterfaceOrientationPortrait UIInterfaceOrientationLandscapeLeft UIInterfaceOrientationLandscapeRight";
				LD_RUNPATH_SEARCH_PATHS = (
					"$(inherited)",
					"@executable_path/Frameworks",
				);
				MARKETING_VERSION = 1.0;
				PRODUCT_BUNDLE_IDENTIFIER = "Han-Yu.mvc";
				PRODUCT_NAME = "$(TARGET_NAME)";
				SWIFT_EMIT_LOC_STRINGS = YES;
				SWIFT_VERSION = 5.0;
				TARGETED_DEVICE_FAMILY = "1,2";
			};
			name = Debug;
		};
		7EB965112974BB46003C3654 /* Release */ = {
			isa = XCBuildConfiguration;
			buildSettings = {
				ASSETCATALOG_COMPILER_APPICON_NAME = AppIcon;
				ASSETCATALOG_COMPILER_GLOBAL_ACCENT_COLOR_NAME = AccentColor;
				CODE_SIGN_STYLE = Automatic;
				CURRENT_PROJECT_VERSION = 1;
				DEVELOPMENT_TEAM = 9395Q5SG32;
				GENERATE_INFOPLIST_FILE = YES;
				INFOPLIST_FILE = mvc/Info.plist;
				INFOPLIST_KEY_UIApplicationSupportsIndirectInputEvents = YES;
				INFOPLIST_KEY_UILaunchStoryboardName = LaunchScreen;
				INFOPLIST_KEY_UIMainStoryboardFile = Main;
				INFOPLIST_KEY_UISupportedInterfaceOrientations_iPad = "UIInterfaceOrientationPortrait UIInterfaceOrientationPortraitUpsideDown UIInterfaceOrientationLandscapeLeft UIInterfaceOrientationLandscapeRight";
				INFOPLIST_KEY_UISupportedInterfaceOrientations_iPhone = "UIInterfaceOrientationPortrait UIInterfaceOrientationLandscapeLeft UIInterfaceOrientationLandscapeRight";
				LD_RUNPATH_SEARCH_PATHS = (
					"$(inherited)",
					"@executable_path/Frameworks",
				);
				MARKETING_VERSION = 1.0;
				PRODUCT_BUNDLE_IDENTIFIER = "Han-Yu.mvc";
				PRODUCT_NAME = "$(TARGET_NAME)";
				SWIFT_EMIT_LOC_STRINGS = YES;
				SWIFT_VERSION = 5.0;
				TARGETED_DEVICE_FAMILY = "1,2";
			};
			name = Release;
		};
		7EB965132974BB46003C3654 /* Debug */ = {
			isa = XCBuildConfiguration;
			buildSettings = {
				ALWAYS_EMBED_SWIFT_STANDARD_LIBRARIES = YES;
				BUNDLE_LOADER = "$(TEST_HOST)";
				CODE_SIGN_STYLE = Automatic;
				CURRENT_PROJECT_VERSION = 1;
				DEVELOPMENT_TEAM = 9395Q5SG32;
				GENERATE_INFOPLIST_FILE = YES;
				IPHONEOS_DEPLOYMENT_TARGET = 16.2;
				MARKETING_VERSION = 1.0;
				PRODUCT_BUNDLE_IDENTIFIER = "Han-Yu.mvcTests";
				PRODUCT_NAME = "$(TARGET_NAME)";
				SWIFT_EMIT_LOC_STRINGS = NO;
				SWIFT_VERSION = 5.0;
				TARGETED_DEVICE_FAMILY = "1,2";
				TEST_HOST = "$(BUILT_PRODUCTS_DIR)/mvc.app/$(BUNDLE_EXECUTABLE_FOLDER_PATH)/mvc";
			};
			name = Debug;
		};
		7EB965142974BB46003C3654 /* Release */ = {
			isa = XCBuildConfiguration;
			buildSettings = {
				ALWAYS_EMBED_SWIFT_STANDARD_LIBRARIES = YES;
				BUNDLE_LOADER = "$(TEST_HOST)";
				CODE_SIGN_STYLE = Automatic;
				CURRENT_PROJECT_VERSION = 1;
				DEVELOPMENT_TEAM = 9395Q5SG32;
				GENERATE_INFOPLIST_FILE = YES;
				IPHONEOS_DEPLOYMENT_TARGET = 16.2;
				MARKETING_VERSION = 1.0;
				PRODUCT_BUNDLE_IDENTIFIER = "Han-Yu.mvcTests";
				PRODUCT_NAME = "$(TARGET_NAME)";
				SWIFT_EMIT_LOC_STRINGS = NO;
				SWIFT_VERSION = 5.0;
				TARGETED_DEVICE_FAMILY = "1,2";
				TEST_HOST = "$(BUILT_PRODUCTS_DIR)/mvc.app/$(BUNDLE_EXECUTABLE_FOLDER_PATH)/mvc";
			};
			name = Release;
		};
		7EB965162974BB46003C3654 /* Debug */ = {
			isa = XCBuildConfiguration;
			buildSettings = {
				ALWAYS_EMBED_SWIFT_STANDARD_LIBRARIES = YES;
				CODE_SIGN_STYLE = Automatic;
				CURRENT_PROJECT_VERSION = 1;
				DEVELOPMENT_TEAM = 9395Q5SG32;
				GENERATE_INFOPLIST_FILE = YES;
				MARKETING_VERSION = 1.0;
				PRODUCT_BUNDLE_IDENTIFIER = "Han-Yu.mvcUITests";
				PRODUCT_NAME = "$(TARGET_NAME)";
				SWIFT_EMIT_LOC_STRINGS = NO;
				SWIFT_VERSION = 5.0;
				TARGETED_DEVICE_FAMILY = "1,2";
				TEST_TARGET_NAME = mvc;
			};
			name = Debug;
		};
		7EB965172974BB46003C3654 /* Release */ = {
			isa = XCBuildConfiguration;
			buildSettings = {
				ALWAYS_EMBED_SWIFT_STANDARD_LIBRARIES = YES;
				CODE_SIGN_STYLE = Automatic;
				CURRENT_PROJECT_VERSION = 1;
				DEVELOPMENT_TEAM = 9395Q5SG32;
				GENERATE_INFOPLIST_FILE = YES;
				MARKETING_VERSION = 1.0;
				PRODUCT_BUNDLE_IDENTIFIER = "Han-Yu.mvcUITests";
				PRODUCT_NAME = "$(TARGET_NAME)";
				SWIFT_EMIT_LOC_STRINGS = NO;
				SWIFT_VERSION = 5.0;
				TARGETED_DEVICE_FAMILY = "1,2";
				TEST_TARGET_NAME = mvc;
			};
			name = Release;
		};
/* End XCBuildConfiguration section */

/* Begin XCConfigurationList section */
		7EB964E02974BB45003C3654 /* Build configuration list for PBXProject "mvc" */ = {
			isa = XCConfigurationList;
			buildConfigurations = (
				7EB9650D2974BB46003C3654 /* Debug */,
				7EB9650E2974BB46003C3654 /* Release */,
			);
			defaultConfigurationIsVisible = 0;
			defaultConfigurationName = Release;
		};
		7EB9650F2974BB46003C3654 /* Build configuration list for PBXNativeTarget "mvc" */ = {
			isa = XCConfigurationList;
			buildConfigurations = (
				7EB965102974BB46003C3654 /* Debug */,
				7EB965112974BB46003C3654 /* Release */,
			);
			defaultConfigurationIsVisible = 0;
			defaultConfigurationName = Release;
		};
		7EB965122974BB46003C3654 /* Build configuration list for PBXNativeTarget "mvcTests" */ = {
			isa = XCConfigurationList;
			buildConfigurations = (
				7EB965132974BB46003C3654 /* Debug */,
				7EB965142974BB46003C3654 /* Release */,
			);
			defaultConfigurationIsVisible = 0;
			defaultConfigurationName = Release;
		};
		7EB965152974BB46003C3654 /* Build configuration list for PBXNativeTarget "mvcUITests" */ = {
			isa = XCConfigurationList;
			buildConfigurations = (
				7EB965162974BB46003C3654 /* Debug */,
				7EB965172974BB46003C3654 /* Release */,
			);
			defaultConfigurationIsVisible = 0;
			defaultConfigurationName = Release;
		};
/* End XCConfigurationList section */
	};
	rootObject = 7EB964DD2974BB45003C3654 /* Project object */;
}
